// !$*UTF8*$!
{
	archiveVersion = 1;
	classes = {
	};
	objectVersion = 56;
	objects = {

/* Begin PBXBuildFile section */
		7189B4472ACF21820083CB25 /* AppDelegate.swift in Sources */ = {isa = PBXBuildFile; fileRef = 7189B4462ACF21820083CB25 /* AppDelegate.swift */; };
		7189B4492ACF21820083CB25 /* SceneDelegate.swift in Sources */ = {isa = PBXBuildFile; fileRef = 7189B4482ACF21820083CB25 /* SceneDelegate.swift */; };
		7189B44E2ACF21820083CB25 /* Main.storyboard in Resources */ = {isa = PBXBuildFile; fileRef = 7189B44C2ACF21820083CB25 /* Main.storyboard */; };
		7189B4502ACF21830083CB25 /* Assets.xcassets in Resources */ = {isa = PBXBuildFile; fileRef = 7189B44F2ACF21830083CB25 /* Assets.xcassets */; };
		7189B4532ACF21830083CB25 /* LaunchScreen.storyboard in Resources */ = {isa = PBXBuildFile; fileRef = 7189B4512ACF21830083CB25 /* LaunchScreen.storyboard */; };
		7189B45E2ACF25A60083CB25 /* CollectionVC.swift in Sources */ = {isa = PBXBuildFile; fileRef = 7189B45D2ACF25A60083CB25 /* CollectionVC.swift */; };
		7189B4602ACF27730083CB25 /* ActionCVCell.swift in Sources */ = {isa = PBXBuildFile; fileRef = 7189B45F2ACF27730083CB25 /* ActionCVCell.swift */; };
		7189B4642ACF2FD30083CB25 /* ImageVC.swift in Sources */ = {isa = PBXBuildFile; fileRef = 7189B4632ACF2FD30083CB25 /* ImageVC.swift */; };
		71B7946E2AD5CEE100FD53AC /* UsersTVC.swift in Sources */ = {isa = PBXBuildFile; fileRef = 71B7946D2AD5CEE100FD53AC /* UsersTVC.swift */; };
		71B794712AD5CF1900FD53AC /* UserModel.swift in Sources */ = {isa = PBXBuildFile; fileRef = 71B794702AD5CF1900FD53AC /* UserModel.swift */; };
		71B794742AD5D1B300FD53AC /* ApiConstants.swift in Sources */ = {isa = PBXBuildFile; fileRef = 71B794732AD5D1B300FD53AC /* ApiConstants.swift */; };
		F4B8A8042ADDABA200C34F95 /* Alamofire in Frameworks */ = {isa = PBXBuildFile; productRef = F4B8A8032ADDABA200C34F95 /* Alamofire */; };
		F4B8A8072ADDABDD00C34F95 /* TextPickerCreateUser.swift in Sources */ = {isa = PBXBuildFile; fileRef = F4B8A8062ADDABDD00C34F95 /* TextPickerCreateUser.swift */; };
		F4B8A8092ADDABF200C34F95 /* TextPickerEditUser.swift in Sources */ = {isa = PBXBuildFile; fileRef = F4B8A8082ADDABF200C34F95 /* TextPickerEditUser.swift */; };
		F4B8A80B2ADDBC5200C34F95 /* PostFlow.storyboard in Resources */ = {isa = PBXBuildFile; fileRef = F4B8A80A2ADDBC5200C34F95 /* PostFlow.storyboard */; };
		F4B8A80D2ADDBC8400C34F95 /* AlbumsAndPhotosFlow.storyboard in Resources */ = {isa = PBXBuildFile; fileRef = F4B8A80C2ADDBC8400C34F95 /* AlbumsAndPhotosFlow.storyboard */; };
		F4B8A8102ADE69B300C34F95 /* ToDoFlow.storyboard in Resources */ = {isa = PBXBuildFile; fileRef = F4B8A80F2ADE69B300C34F95 /* ToDoFlow.storyboard */; };
		F4B8A8132ADE6C7800C34F95 /* PostsTVC.swift in Sources */ = {isa = PBXBuildFile; fileRef = F4B8A8122ADE6C7800C34F95 /* PostsTVC.swift */; };
		F4B8A8172ADE6D7300C34F95 /* AlbumsTVC.swift in Sources */ = {isa = PBXBuildFile; fileRef = F4B8A8162ADE6D7300C34F95 /* AlbumsTVC.swift */; };
		F4B8A8192ADE6E7500C34F95 /* ToDosTVC.swift in Sources */ = {isa = PBXBuildFile; fileRef = F4B8A8182ADE6E7500C34F95 /* ToDosTVC.swift */; };
		F4B8A81B2ADE6FAC00C34F95 /* PostModel.swift in Sources */ = {isa = PBXBuildFile; fileRef = F4B8A81A2ADE6FAC00C34F95 /* PostModel.swift */; };
		F4B8A81D2ADE6FE000C34F95 /* AlbumModel.swift in Sources */ = {isa = PBXBuildFile; fileRef = F4B8A81C2ADE6FE000C34F95 /* AlbumModel.swift */; };
		F4B8A81F2ADE701500C34F95 /* ToDoModel.swift in Sources */ = {isa = PBXBuildFile; fileRef = F4B8A81E2ADE701500C34F95 /* ToDoModel.swift */; };
		F4B8A8212ADE70C500C34F95 /* NewPostVC.swift in Sources */ = {isa = PBXBuildFile; fileRef = F4B8A8202ADE70C500C34F95 /* NewPostVC.swift */; };
		F4B8A8242ADE715900C34F95 /* SwiftyJSON in Frameworks */ = {isa = PBXBuildFile; productRef = F4B8A8232ADE715900C34F95 /* SwiftyJSON */; };
		F4B8A8272ADE71A100C34F95 /* AlamofireImage in Frameworks */ = {isa = PBXBuildFile; productRef = F4B8A8262ADE71A100C34F95 /* AlamofireImage */; };
		F4B8A82A2ADE726D00C34F95 /* NetworkService.swift in Sources */ = {isa = PBXBuildFile; fileRef = F4B8A8292ADE726D00C34F95 /* NetworkService.swift */; };
		F4B8A82C2AE1BD2100C34F95 /* CacheManager.swift in Sources */ = {isa = PBXBuildFile; fileRef = F4B8A82B2AE1BD2100C34F95 /* CacheManager.swift */; };
		F4B8A82E2AE1BF0600C34F95 /* CommentModel.swift in Sources */ = {isa = PBXBuildFile; fileRef = F4B8A82D2AE1BF0600C34F95 /* CommentModel.swift */; };
		F4B8A8302AE1BF7500C34F95 /* PhotoModel.swift in Sources */ = {isa = PBXBuildFile; fileRef = F4B8A82F2AE1BF7500C34F95 /* PhotoModel.swift */; };
		F4B8A8332AE27F4600C34F95 /* CommentsTVC.swift in Sources */ = {isa = PBXBuildFile; fileRef = F4B8A8322AE27F4600C34F95 /* CommentsTVC.swift */; };
		F4B8A8392AE287CF00C34F95 /* PhotoCVCell.swift in Sources */ = {isa = PBXBuildFile; fileRef = F4B8A8372AE287CF00C34F95 /* PhotoCVCell.swift */; };
		F4B8A83A2AE287CF00C34F95 /* PhotoCVCell.xib in Resources */ = {isa = PBXBuildFile; fileRef = F4B8A8382AE287CF00C34F95 /* PhotoCVCell.xib */; };
		F4B8A83C2AE2893800C34F95 /* PhotosCVC.swift in Sources */ = {isa = PBXBuildFile; fileRef = F4B8A83B2AE2893800C34F95 /* PhotosCVC.swift */; };
		F4B8A83E2AE28AD300C34F95 /* PhotoVC.swift in Sources */ = {isa = PBXBuildFile; fileRef = F4B8A83D2AE28AD300C34F95 /* PhotoVC.swift */; };
		F4B8A8402AE578F700C34F95 /* ToDosTextPicker.swift in Sources */ = {isa = PBXBuildFile; fileRef = F4B8A83F2AE578F700C34F95 /* ToDosTextPicker.swift */; };
		F4D59CAA2AD6F0F00050F9A5 /* UsersTableViewCell.swift in Sources */ = {isa = PBXBuildFile; fileRef = F4D59CA92AD6F0F00050F9A5 /* UsersTableViewCell.swift */; };
		F4D59CAC2AD7CF2E0050F9A5 /* DetailUsersVC.swift in Sources */ = {isa = PBXBuildFile; fileRef = F4D59CAB2AD7CF2E0050F9A5 /* DetailUsersVC.swift */; };
/* End PBXBuildFile section */

/* Begin PBXFileReference section */
		7189B4432ACF21820083CB25 /* RestApp.app */ = {isa = PBXFileReference; explicitFileType = wrapper.application; includeInIndex = 0; path = RestApp.app; sourceTree = BUILT_PRODUCTS_DIR; };
		7189B4462ACF21820083CB25 /* AppDelegate.swift */ = {isa = PBXFileReference; lastKnownFileType = sourcecode.swift; path = AppDelegate.swift; sourceTree = "<group>"; };
		7189B4482ACF21820083CB25 /* SceneDelegate.swift */ = {isa = PBXFileReference; lastKnownFileType = sourcecode.swift; path = SceneDelegate.swift; sourceTree = "<group>"; };
		7189B44D2ACF21820083CB25 /* Base */ = {isa = PBXFileReference; lastKnownFileType = file.storyboard; name = Base; path = Base.lproj/Main.storyboard; sourceTree = "<group>"; };
		7189B44F2ACF21830083CB25 /* Assets.xcassets */ = {isa = PBXFileReference; lastKnownFileType = folder.assetcatalog; path = Assets.xcassets; sourceTree = "<group>"; };
		7189B4522ACF21830083CB25 /* Base */ = {isa = PBXFileReference; lastKnownFileType = file.storyboard; name = Base; path = Base.lproj/LaunchScreen.storyboard; sourceTree = "<group>"; };
		7189B4542ACF21830083CB25 /* Info.plist */ = {isa = PBXFileReference; lastKnownFileType = text.plist.xml; path = Info.plist; sourceTree = "<group>"; };
		7189B45D2ACF25A60083CB25 /* CollectionVC.swift */ = {isa = PBXFileReference; lastKnownFileType = sourcecode.swift; path = CollectionVC.swift; sourceTree = "<group>"; };
		7189B45F2ACF27730083CB25 /* ActionCVCell.swift */ = {isa = PBXFileReference; lastKnownFileType = sourcecode.swift; path = ActionCVCell.swift; sourceTree = "<group>"; };
		7189B4632ACF2FD30083CB25 /* ImageVC.swift */ = {isa = PBXFileReference; lastKnownFileType = sourcecode.swift; path = ImageVC.swift; sourceTree = "<group>"; };
		71B7946D2AD5CEE100FD53AC /* UsersTVC.swift */ = {isa = PBXFileReference; lastKnownFileType = sourcecode.swift; path = UsersTVC.swift; sourceTree = "<group>"; };
		71B794702AD5CF1900FD53AC /* UserModel.swift */ = {isa = PBXFileReference; lastKnownFileType = sourcecode.swift; path = UserModel.swift; sourceTree = "<group>"; };
		71B794732AD5D1B300FD53AC /* ApiConstants.swift */ = {isa = PBXFileReference; lastKnownFileType = sourcecode.swift; path = ApiConstants.swift; sourceTree = "<group>"; };
		F4B8A8062ADDABDD00C34F95 /* TextPickerCreateUser.swift */ = {isa = PBXFileReference; lastKnownFileType = sourcecode.swift; path = TextPickerCreateUser.swift; sourceTree = "<group>"; };
		F4B8A8082ADDABF200C34F95 /* TextPickerEditUser.swift */ = {isa = PBXFileReference; lastKnownFileType = sourcecode.swift; path = TextPickerEditUser.swift; sourceTree = "<group>"; };
		F4B8A80A2ADDBC5200C34F95 /* PostFlow.storyboard */ = {isa = PBXFileReference; lastKnownFileType = file.storyboard; path = PostFlow.storyboard; sourceTree = "<group>"; };
		F4B8A80C2ADDBC8400C34F95 /* AlbumsAndPhotosFlow.storyboard */ = {isa = PBXFileReference; lastKnownFileType = file.storyboard; path = AlbumsAndPhotosFlow.storyboard; sourceTree = "<group>"; };
		F4B8A80F2ADE69B300C34F95 /* ToDoFlow.storyboard */ = {isa = PBXFileReference; lastKnownFileType = file.storyboard; path = ToDoFlow.storyboard; sourceTree = "<group>"; };
		F4B8A8122ADE6C7800C34F95 /* PostsTVC.swift */ = {isa = PBXFileReference; lastKnownFileType = sourcecode.swift; path = PostsTVC.swift; sourceTree = "<group>"; };
		F4B8A8162ADE6D7300C34F95 /* AlbumsTVC.swift */ = {isa = PBXFileReference; lastKnownFileType = sourcecode.swift; path = AlbumsTVC.swift; sourceTree = "<group>"; };
		F4B8A8182ADE6E7500C34F95 /* ToDosTVC.swift */ = {isa = PBXFileReference; lastKnownFileType = sourcecode.swift; path = ToDosTVC.swift; sourceTree = "<group>"; };
		F4B8A81A2ADE6FAC00C34F95 /* PostModel.swift */ = {isa = PBXFileReference; lastKnownFileType = sourcecode.swift; path = PostModel.swift; sourceTree = "<group>"; };
		F4B8A81C2ADE6FE000C34F95 /* AlbumModel.swift */ = {isa = PBXFileReference; lastKnownFileType = sourcecode.swift; path = AlbumModel.swift; sourceTree = "<group>"; };
		F4B8A81E2ADE701500C34F95 /* ToDoModel.swift */ = {isa = PBXFileReference; lastKnownFileType = sourcecode.swift; path = ToDoModel.swift; sourceTree = "<group>"; };
		F4B8A8202ADE70C500C34F95 /* NewPostVC.swift */ = {isa = PBXFileReference; lastKnownFileType = sourcecode.swift; path = NewPostVC.swift; sourceTree = "<group>"; };
		F4B8A8292ADE726D00C34F95 /* NetworkService.swift */ = {isa = PBXFileReference; lastKnownFileType = sourcecode.swift; path = NetworkService.swift; sourceTree = "<group>"; };
		F4B8A82B2AE1BD2100C34F95 /* CacheManager.swift */ = {isa = PBXFileReference; lastKnownFileType = sourcecode.swift; path = CacheManager.swift; sourceTree = "<group>"; };
		F4B8A82D2AE1BF0600C34F95 /* CommentModel.swift */ = {isa = PBXFileReference; lastKnownFileType = sourcecode.swift; path = CommentModel.swift; sourceTree = "<group>"; };
		F4B8A82F2AE1BF7500C34F95 /* PhotoModel.swift */ = {isa = PBXFileReference; lastKnownFileType = sourcecode.swift; path = PhotoModel.swift; sourceTree = "<group>"; };
		F4B8A8322AE27F4600C34F95 /* CommentsTVC.swift */ = {isa = PBXFileReference; lastKnownFileType = sourcecode.swift; path = CommentsTVC.swift; sourceTree = "<group>"; };
		F4B8A8372AE287CF00C34F95 /* PhotoCVCell.swift */ = {isa = PBXFileReference; lastKnownFileType = sourcecode.swift; path = PhotoCVCell.swift; sourceTree = "<group>"; };
		F4B8A8382AE287CF00C34F95 /* PhotoCVCell.xib */ = {isa = PBXFileReference; lastKnownFileType = file.xib; path = PhotoCVCell.xib; sourceTree = "<group>"; };
		F4B8A83B2AE2893800C34F95 /* PhotosCVC.swift */ = {isa = PBXFileReference; lastKnownFileType = sourcecode.swift; path = PhotosCVC.swift; sourceTree = "<group>"; };
		F4B8A83D2AE28AD300C34F95 /* PhotoVC.swift */ = {isa = PBXFileReference; lastKnownFileType = sourcecode.swift; path = PhotoVC.swift; sourceTree = "<group>"; };
		F4B8A83F2AE578F700C34F95 /* ToDosTextPicker.swift */ = {isa = PBXFileReference; lastKnownFileType = sourcecode.swift; path = ToDosTextPicker.swift; sourceTree = "<group>"; };
		F4D59CA92AD6F0F00050F9A5 /* UsersTableViewCell.swift */ = {isa = PBXFileReference; lastKnownFileType = sourcecode.swift; path = UsersTableViewCell.swift; sourceTree = "<group>"; };
		F4D59CAB2AD7CF2E0050F9A5 /* DetailUsersVC.swift */ = {isa = PBXFileReference; lastKnownFileType = sourcecode.swift; path = DetailUsersVC.swift; sourceTree = "<group>"; };
/* End PBXFileReference section */

/* Begin PBXFrameworksBuildPhase section */
		7189B4402ACF21820083CB25 /* Frameworks */ = {
			isa = PBXFrameworksBuildPhase;
			buildActionMask = 2147483647;
			files = (
				F4B8A8242ADE715900C34F95 /* SwiftyJSON in Frameworks */,
				F4B8A8042ADDABA200C34F95 /* Alamofire in Frameworks */,
				F4B8A8272ADE71A100C34F95 /* AlamofireImage in Frameworks */,
			);
			runOnlyForDeploymentPostprocessing = 0;
		};
/* End PBXFrameworksBuildPhase section */

/* Begin PBXGroup section */
		7189B43A2ACF21820083CB25 = {
			isa = PBXGroup;
			children = (
				7189B4452ACF21820083CB25 /* RestApp */,
				7189B4442ACF21820083CB25 /* Products */,
			);
			sourceTree = "<group>";
		};
		7189B4442ACF21820083CB25 /* Products */ = {
			isa = PBXGroup;
			children = (
				7189B4432ACF21820083CB25 /* RestApp.app */,
			);
			name = Products;
			sourceTree = "<group>";
		};
		7189B4452ACF21820083CB25 /* RestApp */ = {
			isa = PBXGroup;
			children = (
				F4B8A8282ADE724F00C34F95 /* Services */,
				71B7946F2AD5CF0800FD53AC /* Models */,
				7189B45C2ACF257F0083CB25 /* Controllers */,
				7189B45B2ACF234B0083CB25 /* Views */,
				F4B8A80E2ADDBC8D00C34F95 /* Resources */,
				7189B45A2ACF21930083CB25 /* App */,
				7189B4542ACF21830083CB25 /* Info.plist */,
			);
			path = RestApp;
			sourceTree = "<group>";
		};
		7189B45A2ACF21930083CB25 /* App */ = {
			isa = PBXGroup;
			children = (
				7189B4462ACF21820083CB25 /* AppDelegate.swift */,
				7189B4482ACF21820083CB25 /* SceneDelegate.swift */,
			);
			path = App;
			sourceTree = "<group>";
		};
		7189B45B2ACF234B0083CB25 /* Views */ = {
			isa = PBXGroup;
			children = (
				7189B44C2ACF21820083CB25 /* Main.storyboard */,
				F4B8A80A2ADDBC5200C34F95 /* PostFlow.storyboard */,
				F4B8A80C2ADDBC8400C34F95 /* AlbumsAndPhotosFlow.storyboard */,
				F4B8A80F2ADE69B300C34F95 /* ToDoFlow.storyboard */,
				7189B4512ACF21830083CB25 /* LaunchScreen.storyboard */,
			);
			path = Views;
			sourceTree = "<group>";
		};
		7189B45C2ACF257F0083CB25 /* Controllers */ = {
			isa = PBXGroup;
			children = (
				F4B8A8352AE2876500C34F95 /* Photo */,
				F4B8A8342AE2875900C34F95 /* Photos */,
				F4B8A8312AE27F2300C34F95 /* Comments */,
				7189B4612ACF2F710083CB25 /* ActionsCollection */,
				7189B4622ACF2FB40083CB25 /* ImageView */,
				71B7946C2AD5CEB500FD53AC /* UsersList */,
				F4B8A8112ADE6C3000C34F95 /* Posts */,
				F4B8A8142ADE6CDB00C34F95 /* Albums */,
				F4B8A8152ADE6D2400C34F95 /* ToDo */,
			);
			path = Controllers;
			sourceTree = "<group>";
		};
		7189B4612ACF2F710083CB25 /* ActionsCollection */ = {
			isa = PBXGroup;
			children = (
				7189B45D2ACF25A60083CB25 /* CollectionVC.swift */,
				7189B45F2ACF27730083CB25 /* ActionCVCell.swift */,
			);
			path = ActionsCollection;
			sourceTree = "<group>";
		};
		7189B4622ACF2FB40083CB25 /* ImageView */ = {
			isa = PBXGroup;
			children = (
				7189B4632ACF2FD30083CB25 /* ImageVC.swift */,
			);
			path = ImageView;
			sourceTree = "<group>";
		};
		71B7946C2AD5CEB500FD53AC /* UsersList */ = {
			isa = PBXGroup;
			children = (
				F4B8A8052ADDABCB00C34F95 /* Users */,
				F4D59CA92AD6F0F00050F9A5 /* UsersTableViewCell.swift */,
				F4D59CAB2AD7CF2E0050F9A5 /* DetailUsersVC.swift */,
			);
			path = UsersList;
			sourceTree = "<group>";
		};
		71B7946F2AD5CF0800FD53AC /* Models */ = {
			isa = PBXGroup;
			children = (
				71B794702AD5CF1900FD53AC /* UserModel.swift */,
				71B794732AD5D1B300FD53AC /* ApiConstants.swift */,
				F4B8A81A2ADE6FAC00C34F95 /* PostModel.swift */,
				F4B8A81C2ADE6FE000C34F95 /* AlbumModel.swift */,
				F4B8A81E2ADE701500C34F95 /* ToDoModel.swift */,
				F4B8A82D2AE1BF0600C34F95 /* CommentModel.swift */,
				F4B8A82F2AE1BF7500C34F95 /* PhotoModel.swift */,
			);
			path = Models;
			sourceTree = "<group>";
		};
		F4B8A8052ADDABCB00C34F95 /* Users */ = {
			isa = PBXGroup;
			children = (
				71B7946D2AD5CEE100FD53AC /* UsersTVC.swift */,
				F4B8A8062ADDABDD00C34F95 /* TextPickerCreateUser.swift */,
				F4B8A8082ADDABF200C34F95 /* TextPickerEditUser.swift */,
			);
			path = Users;
			sourceTree = "<group>";
		};
		F4B8A80E2ADDBC8D00C34F95 /* Resources */ = {
			isa = PBXGroup;
			children = (
				7189B44F2ACF21830083CB25 /* Assets.xcassets */,
			);
			path = Resources;
			sourceTree = "<group>";
		};
		F4B8A8112ADE6C3000C34F95 /* Posts */ = {
			isa = PBXGroup;
			children = (
				F4B8A8122ADE6C7800C34F95 /* PostsTVC.swift */,
				F4B8A8202ADE70C500C34F95 /* NewPostVC.swift */,
			);
			path = Posts;
			sourceTree = "<group>";
		};
		F4B8A8142ADE6CDB00C34F95 /* Albums */ = {
			isa = PBXGroup;
			children = (
				F4B8A8162ADE6D7300C34F95 /* AlbumsTVC.swift */,
			);
			path = Albums;
			sourceTree = "<group>";
		};
		F4B8A8152ADE6D2400C34F95 /* ToDo */ = {
			isa = PBXGroup;
			children = (
				F4B8A8182ADE6E7500C34F95 /* ToDosTVC.swift */,
				F4B8A83F2AE578F700C34F95 /* ToDosTextPicker.swift */,
			);
			path = ToDo;
			sourceTree = "<group>";
		};
		F4B8A8282ADE724F00C34F95 /* Services */ = {
			isa = PBXGroup;
			children = (
				F4B8A8292ADE726D00C34F95 /* NetworkService.swift */,
				F4B8A82B2AE1BD2100C34F95 /* CacheManager.swift */,
			);
			path = Services;
			sourceTree = "<group>";
		};
		F4B8A8312AE27F2300C34F95 /* Comments */ = {
			isa = PBXGroup;
			children = (
				F4B8A8322AE27F4600C34F95 /* CommentsTVC.swift */,
			);
			path = Comments;
			sourceTree = "<group>";
		};
		F4B8A8342AE2875900C34F95 /* Photos */ = {
			isa = PBXGroup;
			children = (
				F4B8A8362AE2877A00C34F95 /* Cell */,
				F4B8A83B2AE2893800C34F95 /* PhotosCVC.swift */,
			);
			path = Photos;
			sourceTree = "<group>";
		};
		F4B8A8352AE2876500C34F95 /* Photo */ = {
			isa = PBXGroup;
			children = (
				F4B8A83D2AE28AD300C34F95 /* PhotoVC.swift */,
			);
			path = Photo;
			sourceTree = "<group>";
		};
		F4B8A8362AE2877A00C34F95 /* Cell */ = {
			isa = PBXGroup;
			children = (
				F4B8A8372AE287CF00C34F95 /* PhotoCVCell.swift */,
				F4B8A8382AE287CF00C34F95 /* PhotoCVCell.xib */,
			);
			path = Cell;
			sourceTree = "<group>";
		};
/* End PBXGroup section */

/* Begin PBXNativeTarget section */
		7189B4422ACF21820083CB25 /* RestApp */ = {
			isa = PBXNativeTarget;
			buildConfigurationList = 7189B4572ACF21830083CB25 /* Build configuration list for PBXNativeTarget "RestApp" */;
			buildPhases = (
				7189B43F2ACF21820083CB25 /* Sources */,
				7189B4402ACF21820083CB25 /* Frameworks */,
				7189B4412ACF21820083CB25 /* Resources */,
			);
			buildRules = (
			);
			dependencies = (
			);
			name = RestApp;
			packageProductDependencies = (
				F4B8A8032ADDABA200C34F95 /* Alamofire */,
				F4B8A8232ADE715900C34F95 /* SwiftyJSON */,
				F4B8A8262ADE71A100C34F95 /* AlamofireImage */,
			);
			productName = RestAppCW;
			productReference = 7189B4432ACF21820083CB25 /* RestApp.app */;
			productType = "com.apple.product-type.application";
		};
/* End PBXNativeTarget section */

/* Begin PBXProject section */
		7189B43B2ACF21820083CB25 /* Project object */ = {
			isa = PBXProject;
			attributes = {
				BuildIndependentTargetsInParallel = 1;
				LastSwiftUpdateCheck = 1510;
				LastUpgradeCheck = 1510;
				TargetAttributes = {
					7189B4422ACF21820083CB25 = {
						CreatedOnToolsVersion = 15.1;
					};
				};
			};
			buildConfigurationList = 7189B43E2ACF21820083CB25 /* Build configuration list for PBXProject "RestApp" */;
			compatibilityVersion = "Xcode 14.0";
			developmentRegion = en;
			hasScannedForEncodings = 0;
			knownRegions = (
				en,
				Base,
			);
			mainGroup = 7189B43A2ACF21820083CB25;
			packageReferences = (
				F4B8A8022ADDABA200C34F95 /* XCRemoteSwiftPackageReference "Alamofire" */,
				F4B8A8222ADE715900C34F95 /* XCRemoteSwiftPackageReference "SwiftyJSON" */,
				F4B8A8252ADE71A100C34F95 /* XCRemoteSwiftPackageReference "AlamofireImage" */,
			);
			productRefGroup = 7189B4442ACF21820083CB25 /* Products */;
			projectDirPath = "";
			projectRoot = "";
			targets = (
				7189B4422ACF21820083CB25 /* RestApp */,
			);
		};
/* End PBXProject section */

/* Begin PBXResourcesBuildPhase section */
		7189B4412ACF21820083CB25 /* Resources */ = {
			isa = PBXResourcesBuildPhase;
			buildActionMask = 2147483647;
			files = (
				F4B8A8102ADE69B300C34F95 /* ToDoFlow.storyboard in Resources */,
				F4B8A80B2ADDBC5200C34F95 /* PostFlow.storyboard in Resources */,
				7189B4532ACF21830083CB25 /* LaunchScreen.storyboard in Resources */,
				F4B8A80D2ADDBC8400C34F95 /* AlbumsAndPhotosFlow.storyboard in Resources */,
				7189B4502ACF21830083CB25 /* Assets.xcassets in Resources */,
				7189B44E2ACF21820083CB25 /* Main.storyboard in Resources */,
				F4B8A83A2AE287CF00C34F95 /* PhotoCVCell.xib in Resources */,
			);
			runOnlyForDeploymentPostprocessing = 0;
		};
/* End PBXResourcesBuildPhase section */

/* Begin PBXSourcesBuildPhase section */
		7189B43F2ACF21820083CB25 /* Sources */ = {
			isa = PBXSourcesBuildPhase;
			buildActionMask = 2147483647;
			files = (
				7189B4602ACF27730083CB25 /* ActionCVCell.swift in Sources */,
				F4B8A81B2ADE6FAC00C34F95 /* PostModel.swift in Sources */,
				F4B8A8132ADE6C7800C34F95 /* PostsTVC.swift in Sources */,
				7189B4472ACF21820083CB25 /* AppDelegate.swift in Sources */,
				F4B8A8072ADDABDD00C34F95 /* TextPickerCreateUser.swift in Sources */,
				71B7946E2AD5CEE100FD53AC /* UsersTVC.swift in Sources */,
				7189B4642ACF2FD30083CB25 /* ImageVC.swift in Sources */,
				F4B8A8332AE27F4600C34F95 /* CommentsTVC.swift in Sources */,
				F4B8A8402AE578F700C34F95 /* ToDosTextPicker.swift in Sources */,
				F4B8A8302AE1BF7500C34F95 /* PhotoModel.swift in Sources */,
				F4B8A82E2AE1BF0600C34F95 /* CommentModel.swift in Sources */,
				71B794742AD5D1B300FD53AC /* ApiConstants.swift in Sources */,
				7189B45E2ACF25A60083CB25 /* CollectionVC.swift in Sources */,
				F4B8A8192ADE6E7500C34F95 /* ToDosTVC.swift in Sources */,
				F4B8A82A2ADE726D00C34F95 /* NetworkService.swift in Sources */,
				7189B4492ACF21820083CB25 /* SceneDelegate.swift in Sources */,
				F4D59CAA2AD6F0F00050F9A5 /* UsersTableViewCell.swift in Sources */,
				F4B8A82C2AE1BD2100C34F95 /* CacheManager.swift in Sources */,
				F4B8A83E2AE28AD300C34F95 /* PhotoVC.swift in Sources */,
				F4B8A83C2AE2893800C34F95 /* PhotosCVC.swift in Sources */,
				F4B8A81D2ADE6FE000C34F95 /* AlbumModel.swift in Sources */,
				F4B8A8392AE287CF00C34F95 /* PhotoCVCell.swift in Sources */,
				F4D59CAC2AD7CF2E0050F9A5 /* DetailUsersVC.swift in Sources */,
				F4B8A8212ADE70C500C34F95 /* NewPostVC.swift in Sources */,
				71B794712AD5CF1900FD53AC /* UserModel.swift in Sources */,
				F4B8A8092ADDABF200C34F95 /* TextPickerEditUser.swift in Sources */,
				F4B8A8172ADE6D7300C34F95 /* AlbumsTVC.swift in Sources */,
				F4B8A81F2ADE701500C34F95 /* ToDoModel.swift in Sources */,
			);
			runOnlyForDeploymentPostprocessing = 0;
		};
/* End PBXSourcesBuildPhase section */

/* Begin PBXVariantGroup section */
		7189B44C2ACF21820083CB25 /* Main.storyboard */ = {
			isa = PBXVariantGroup;
			children = (
				7189B44D2ACF21820083CB25 /* Base */,
			);
			name = Main.storyboard;
			sourceTree = "<group>";
		};
		7189B4512ACF21830083CB25 /* LaunchScreen.storyboard */ = {
			isa = PBXVariantGroup;
			children = (
				7189B4522ACF21830083CB25 /* Base */,
			);
			name = LaunchScreen.storyboard;
			sourceTree = "<group>";
		};
/* End PBXVariantGroup section */

/* Begin XCBuildConfiguration section */
		7189B4552ACF21830083CB25 /* Debug */ = {
			isa = XCBuildConfiguration;
			buildSettings = {
				ALWAYS_SEARCH_USER_PATHS = NO;
				ASSETCATALOG_COMPILER_GENERATE_SWIFT_ASSET_SYMBOL_EXTENSIONS = YES;
				CLANG_ANALYZER_NONNULL = YES;
				CLANG_ANALYZER_NUMBER_OBJECT_CONVERSION = YES_AGGRESSIVE;
				CLANG_CXX_LANGUAGE_STANDARD = "gnu++20";
				CLANG_ENABLE_MODULES = YES;
				CLANG_ENABLE_OBJC_ARC = YES;
				CLANG_ENABLE_OBJC_WEAK = YES;
				CLANG_WARN_BLOCK_CAPTURE_AUTORELEASING = YES;
				CLANG_WARN_BOOL_CONVERSION = YES;
				CLANG_WARN_COMMA = YES;
				CLANG_WARN_CONSTANT_CONVERSION = YES;
				CLANG_WARN_DEPRECATED_OBJC_IMPLEMENTATIONS = YES;
				CLANG_WARN_DIRECT_OBJC_ISA_USAGE = YES_ERROR;
				CLANG_WARN_DOCUMENTATION_COMMENTS = YES;
				CLANG_WARN_EMPTY_BODY = YES;
				CLANG_WARN_ENUM_CONVERSION = YES;
				CLANG_WARN_INFINITE_RECURSION = YES;
				CLANG_WARN_INT_CONVERSION = YES;
				CLANG_WARN_NON_LITERAL_NULL_CONVERSION = YES;
				CLANG_WARN_OBJC_IMPLICIT_RETAIN_SELF = YES;
				CLANG_WARN_OBJC_LITERAL_CONVERSION = YES;
				CLANG_WARN_OBJC_ROOT_CLASS = YES_ERROR;
				CLANG_WARN_QUOTED_INCLUDE_IN_FRAMEWORK_HEADER = YES;
				CLANG_WARN_RANGE_LOOP_ANALYSIS = YES;
				CLANG_WARN_STRICT_PROTOTYPES = YES;
				CLANG_WARN_SUSPICIOUS_MOVE = YES;
				CLANG_WARN_UNGUARDED_AVAILABILITY = YES_AGGRESSIVE;
				CLANG_WARN_UNREACHABLE_CODE = YES;
				CLANG_WARN__DUPLICATE_METHOD_MATCH = YES;
				COPY_PHASE_STRIP = NO;
				DEBUG_INFORMATION_FORMAT = dwarf;
				ENABLE_STRICT_OBJC_MSGSEND = YES;
				ENABLE_TESTABILITY = YES;
				ENABLE_USER_SCRIPT_SANDBOXING = YES;
				GCC_C_LANGUAGE_STANDARD = gnu17;
				GCC_DYNAMIC_NO_PIC = NO;
				GCC_NO_COMMON_BLOCKS = YES;
				GCC_OPTIMIZATION_LEVEL = 0;
				GCC_PREPROCESSOR_DEFINITIONS = (
					"DEBUG=1",
					"$(inherited)",
				);
				GCC_WARN_64_TO_32_BIT_CONVERSION = YES;
				GCC_WARN_ABOUT_RETURN_TYPE = YES_ERROR;
				GCC_WARN_UNDECLARED_SELECTOR = YES;
				GCC_WARN_UNINITIALIZED_AUTOS = YES_AGGRESSIVE;
				GCC_WARN_UNUSED_FUNCTION = YES;
				GCC_WARN_UNUSED_VARIABLE = YES;
				IPHONEOS_DEPLOYMENT_TARGET = 17.0;
				LOCALIZATION_PREFERS_STRING_CATALOGS = YES;
				MTL_ENABLE_DEBUG_INFO = INCLUDE_SOURCE;
				MTL_FAST_MATH = YES;
				ONLY_ACTIVE_ARCH = YES;
				SDKROOT = iphoneos;
				SWIFT_ACTIVE_COMPILATION_CONDITIONS = "DEBUG $(inherited)";
				SWIFT_OPTIMIZATION_LEVEL = "-Onone";
			};
			name = Debug;
		};
		7189B4562ACF21830083CB25 /* Release */ = {
			isa = XCBuildConfiguration;
			buildSettings = {
				ALWAYS_SEARCH_USER_PATHS = NO;
				ASSETCATALOG_COMPILER_GENERATE_SWIFT_ASSET_SYMBOL_EXTENSIONS = YES;
				CLANG_ANALYZER_NONNULL = YES;
				CLANG_ANALYZER_NUMBER_OBJECT_CONVERSION = YES_AGGRESSIVE;
				CLANG_CXX_LANGUAGE_STANDARD = "gnu++20";
				CLANG_ENABLE_MODULES = YES;
				CLANG_ENABLE_OBJC_ARC = YES;
				CLANG_ENABLE_OBJC_WEAK = YES;
				CLANG_WARN_BLOCK_CAPTURE_AUTORELEASING = YES;
				CLANG_WARN_BOOL_CONVERSION = YES;
				CLANG_WARN_COMMA = YES;
				CLANG_WARN_CONSTANT_CONVERSION = YES;
				CLANG_WARN_DEPRECATED_OBJC_IMPLEMENTATIONS = YES;
				CLANG_WARN_DIRECT_OBJC_ISA_USAGE = YES_ERROR;
				CLANG_WARN_DOCUMENTATION_COMMENTS = YES;
				CLANG_WARN_EMPTY_BODY = YES;
				CLANG_WARN_ENUM_CONVERSION = YES;
				CLANG_WARN_INFINITE_RECURSION = YES;
				CLANG_WARN_INT_CONVERSION = YES;
				CLANG_WARN_NON_LITERAL_NULL_CONVERSION = YES;
				CLANG_WARN_OBJC_IMPLICIT_RETAIN_SELF = YES;
				CLANG_WARN_OBJC_LITERAL_CONVERSION = YES;
				CLANG_WARN_OBJC_ROOT_CLASS = YES_ERROR;
				CLANG_WARN_QUOTED_INCLUDE_IN_FRAMEWORK_HEADER = YES;
				CLANG_WARN_RANGE_LOOP_ANALYSIS = YES;
				CLANG_WARN_STRICT_PROTOTYPES = YES;
				CLANG_WARN_SUSPICIOUS_MOVE = YES;
				CLANG_WARN_UNGUARDED_AVAILABILITY = YES_AGGRESSIVE;
				CLANG_WARN_UNREACHABLE_CODE = YES;
				CLANG_WARN__DUPLICATE_METHOD_MATCH = YES;
				COPY_PHASE_STRIP = NO;
				DEBUG_INFORMATION_FORMAT = "dwarf-with-dsym";
				ENABLE_NS_ASSERTIONS = NO;
				ENABLE_STRICT_OBJC_MSGSEND = YES;
				ENABLE_USER_SCRIPT_SANDBOXING = YES;
				GCC_C_LANGUAGE_STANDARD = gnu17;
				GCC_NO_COMMON_BLOCKS = YES;
				GCC_WARN_64_TO_32_BIT_CONVERSION = YES;
				GCC_WARN_ABOUT_RETURN_TYPE = YES_ERROR;
				GCC_WARN_UNDECLARED_SELECTOR = YES;
				GCC_WARN_UNINITIALIZED_AUTOS = YES_AGGRESSIVE;
				GCC_WARN_UNUSED_FUNCTION = YES;
				GCC_WARN_UNUSED_VARIABLE = YES;
				IPHONEOS_DEPLOYMENT_TARGET = 17.0;
				LOCALIZATION_PREFERS_STRING_CATALOGS = YES;
				MTL_ENABLE_DEBUG_INFO = NO;
				MTL_FAST_MATH = YES;
				SDKROOT = iphoneos;
				SWIFT_COMPILATION_MODE = wholemodule;
				VALIDATE_PRODUCT = YES;
			};
			name = Release;
		};
		7189B4582ACF21830083CB25 /* Debug */ = {
			isa = XCBuildConfiguration;
			buildSettings = {
				ASSETCATALOG_COMPILER_APPICON_NAME = AppIcon;
				ASSETCATALOG_COMPILER_GLOBAL_ACCENT_COLOR_NAME = AccentColor;
				CODE_SIGN_STYLE = Automatic;
				CURRENT_PROJECT_VERSION = 1;
				DEVELOPMENT_TEAM = 94FVSLY3WZ;
				GENERATE_INFOPLIST_FILE = YES;
				INFOPLIST_FILE = RestApp/Info.plist;
				INFOPLIST_KEY_UIApplicationSupportsIndirectInputEvents = YES;
				INFOPLIST_KEY_UILaunchStoryboardName = LaunchScreen;
				INFOPLIST_KEY_UIMainStoryboardFile = Main;
				INFOPLIST_KEY_UISupportedInterfaceOrientations_iPad = "UIInterfaceOrientationPortrait UIInterfaceOrientationPortraitUpsideDown UIInterfaceOrientationLandscapeLeft UIInterfaceOrientationLandscapeRight";
				INFOPLIST_KEY_UISupportedInterfaceOrientations_iPhone = "UIInterfaceOrientationPortrait UIInterfaceOrientationLandscapeLeft UIInterfaceOrientationLandscapeRight";
				LD_RUNPATH_SEARCH_PATHS = (
					"$(inherited)",
					"@executable_path/Frameworks",
				);
				MARKETING_VERSION = 1.0;
				PRODUCT_BUNDLE_IDENTIFIER = by.sanches;
				PRODUCT_NAME = "$(TARGET_NAME)";
				SWIFT_EMIT_LOC_STRINGS = YES;
				SWIFT_VERSION = 5.0;
				TARGETED_DEVICE_FAMILY = "1,2";
			};
			name = Debug;
		};
		7189B4592ACF21830083CB25 /* Release */ = {
			isa = XCBuildConfiguration;
			buildSettings = {
				ASSETCATALOG_COMPILER_APPICON_NAME = AppIcon;
				ASSETCATALOG_COMPILER_GLOBAL_ACCENT_COLOR_NAME = AccentColor;
				CODE_SIGN_STYLE = Automatic;
				CURRENT_PROJECT_VERSION = 1;
				DEVELOPMENT_TEAM = 94FVSLY3WZ;
				GENERATE_INFOPLIST_FILE = YES;
				INFOPLIST_FILE = RestApp/Info.plist;
				INFOPLIST_KEY_UIApplicationSupportsIndirectInputEvents = YES;
				INFOPLIST_KEY_UILaunchStoryboardName = LaunchScreen;
				INFOPLIST_KEY_UIMainStoryboardFile = Main;
				INFOPLIST_KEY_UISupportedInterfaceOrientations_iPad = "UIInterfaceOrientationPortrait UIInterfaceOrientationPortraitUpsideDown UIInterfaceOrientationLandscapeLeft UIInterfaceOrientationLandscapeRight";
				INFOPLIST_KEY_UISupportedInterfaceOrientations_iPhone = "UIInterfaceOrientationPortrait UIInterfaceOrientationLandscapeLeft UIInterfaceOrientationLandscapeRight";
				LD_RUNPATH_SEARCH_PATHS = (
					"$(inherited)",
					"@executable_path/Frameworks",
				);
				MARKETING_VERSION = 1.0;
				PRODUCT_BUNDLE_IDENTIFIER = by.sanches;
				PRODUCT_NAME = "$(TARGET_NAME)";
				SWIFT_EMIT_LOC_STRINGS = YES;
				SWIFT_VERSION = 5.0;
				TARGETED_DEVICE_FAMILY = "1,2";
			};
			name = Release;
		};
/* End XCBuildConfiguration section */

/* Begin XCConfigurationList section */
		7189B43E2ACF21820083CB25 /* Build configuration list for PBXProject "RestApp" */ = {
			isa = XCConfigurationList;
			buildConfigurations = (
				7189B4552ACF21830083CB25 /* Debug */,
				7189B4562ACF21830083CB25 /* Release */,
			);
			defaultConfigurationIsVisible = 0;
			defaultConfigurationName = Release;
		};
		7189B4572ACF21830083CB25 /* Build configuration list for PBXNativeTarget "RestApp" */ = {
			isa = XCConfigurationList;
			buildConfigurations = (
				7189B4582ACF21830083CB25 /* Debug */,
				7189B4592ACF21830083CB25 /* Release */,
			);
			defaultConfigurationIsVisible = 0;
			defaultConfigurationName = Release;
		};
/* End XCConfigurationList section */

/* Begin XCRemoteSwiftPackageReference section */
		F4B8A8022ADDABA200C34F95 /* XCRemoteSwiftPackageReference "Alamofire" */ = {
			isa = XCRemoteSwiftPackageReference;
			repositoryURL = "https://github.com/Alamofire/Alamofire.git";
			requirement = {
				kind = upToNextMajorVersion;
				minimumVersion = 5.8.0;
			};
		};
		F4B8A8222ADE715900C34F95 /* XCRemoteSwiftPackageReference "SwiftyJSON" */ = {
			isa = XCRemoteSwiftPackageReference;
			repositoryURL = "https://github.com/SwiftyJSON/SwiftyJSON.git";
			requirement = {
				kind = upToNextMajorVersion;
				minimumVersion = 5.0.1;
			};
		};
		F4B8A8252ADE71A100C34F95 /* XCRemoteSwiftPackageReference "AlamofireImage" */ = {
			isa = XCRemoteSwiftPackageReference;
			repositoryURL = "https://github.com/Alamofire/AlamofireImage.git";
			requirement = {
				kind = upToNextMajorVersion;
				minimumVersion = 4.3.0;
			};
		};
/* End XCRemoteSwiftPackageReference section */

/* Begin XCSwiftPackageProductDependency section */
		F4B8A8032ADDABA200C34F95 /* Alamofire */ = {
			isa = XCSwiftPackageProductDependency;
			package = F4B8A8022ADDABA200C34F95 /* XCRemoteSwiftPackageReference "Alamofire" */;
			productName = Alamofire;
		};
		F4B8A8232ADE715900C34F95 /* SwiftyJSON */ = {
			isa = XCSwiftPackageProductDependency;
			package = F4B8A8222ADE715900C34F95 /* XCRemoteSwiftPackageReference "SwiftyJSON" */;
			productName = SwiftyJSON;
		};
		F4B8A8262ADE71A100C34F95 /* AlamofireImage */ = {
			isa = XCSwiftPackageProductDependency;
			package = F4B8A8252ADE71A100C34F95 /* XCRemoteSwiftPackageReference "AlamofireImage" */;
			productName = AlamofireImage;
		};
/* End XCSwiftPackageProductDependency section */
	};
	rootObject = 7189B43B2ACF21820083CB25 /* Project object */;
}
